<?xml version="1.0" encoding="utf-8"?>
<Project ToolsVersion="18.0" xmlns="http://schemas.microsoft.com/developer/msbuild/2003">
  <ItemGroup>
    <CustomBuild Include="C:\Users\randi\Desktop\CPPExampleBot\CMakeFiles\b25f9f97ccbea8df241e76c8b7cb4c4a\generate.stamp.rule">
      <Filter>CMake Rules</Filter>
    </CustomBuild>
  </ItemGroup>
  <ItemGroup>
    <Filter Include="CMake Rules">
      <UniqueIdentifier>{8EB8F404-5509-352F-99C7-CB813779835F}</UniqueIdentifier>
    </Filter>
  </ItemGroup>
</Project>
